// !$*UTF8*$!
{
	archiveVersion = 1;
	classes = {
	};
	objectVersion = 46;
	objects = {

/* Begin PBXBuildFile section */
		F1765CFB1D9184D400F55CFF /* ImageLoader.swift in Sources */ = {isa = PBXBuildFile; fileRef = F1765CFA1D9184D400F55CFF /* ImageLoader.swift */; };
		F1765D371D9195DB00F55CFF /* Model.swift in Sources */ = {isa = PBXBuildFile; fileRef = F1765D361D9195DB00F55CFF /* Model.swift */; };
		F18665851D90640E00849693 /* AppDelegate.swift in Sources */ = {isa = PBXBuildFile; fileRef = F18665841D90640E00849693 /* AppDelegate.swift */; };
		F18665871D90640E00849693 /* ViewController.swift in Sources */ = {isa = PBXBuildFile; fileRef = F18665861D90640E00849693 /* ViewController.swift */; };
		F186658A1D90640E00849693 /* Main.storyboard in Resources */ = {isa = PBXBuildFile; fileRef = F18665881D90640E00849693 /* Main.storyboard */; };
		F186658C1D90640E00849693 /* Assets.xcassets in Resources */ = {isa = PBXBuildFile; fileRef = F186658B1D90640E00849693 /* Assets.xcassets */; };
		F186658F1D90640E00849693 /* LaunchScreen.storyboard in Resources */ = {isa = PBXBuildFile; fileRef = F186658D1D90640E00849693 /* LaunchScreen.storyboard */; };
		F186659A1D90640E00849693 /* mymobileappTests.swift in Sources */ = {isa = PBXBuildFile; fileRef = F18665991D90640E00849693 /* mymobileappTests.swift */; };
		F18665A51D90640F00849693 /* mymobileappUITests.swift in Sources */ = {isa = PBXBuildFile; fileRef = F18665A41D90640F00849693 /* mymobileappUITests.swift */; };
		F18665B31D90657E00849693 /* RentAppTableViewController.swift in Sources */ = {isa = PBXBuildFile; fileRef = F18665B21D90657E00849693 /* RentAppTableViewController.swift */; };
		F18665B51D90744A00849693 /* RentAppTableViewCell.swift in Sources */ = {isa = PBXBuildFile; fileRef = F18665B41D90744A00849693 /* RentAppTableViewCell.swift */; };
/* End PBXBuildFile section */

/* Begin PBXContainerItemProxy section */
		F18665961D90640E00849693 /* PBXContainerItemProxy */ = {
			isa = PBXContainerItemProxy;
			containerPortal = F18665791D90640E00849693 /* Project object */;
			proxyType = 1;
			remoteGlobalIDString = F18665801D90640E00849693;
			remoteInfo = mymobileapp;
		};
		F18665A11D90640F00849693 /* PBXContainerItemProxy */ = {
			isa = PBXContainerItemProxy;
			containerPortal = F18665791D90640E00849693 /* Project object */;
			proxyType = 1;
			remoteGlobalIDString = F18665801D90640E00849693;
			remoteInfo = mymobileapp;
		};
/* End PBXContainerItemProxy section */

/* Begin PBXFileReference section */
		F1765CFA1D9184D400F55CFF /* ImageLoader.swift */ = {isa = PBXFileReference; fileEncoding = 4; lastKnownFileType = sourcecode.swift; name = ImageLoader.swift; path = ../ImageLoader.swift; sourceTree = "<group>"; };
		F1765D361D9195DB00F55CFF /* Model.swift */ = {isa = PBXFileReference; fileEncoding = 4; lastKnownFileType = sourcecode.swift; path = Model.swift; sourceTree = "<group>"; };
		F18665811D90640E00849693 /* mymobileapp.app */ = {isa = PBXFileReference; explicitFileType = wrapper.application; includeInIndex = 0; path = mymobileapp.app; sourceTree = BUILT_PRODUCTS_DIR; };
		F18665841D90640E00849693 /* AppDelegate.swift */ = {isa = PBXFileReference; lastKnownFileType = sourcecode.swift; path = AppDelegate.swift; sourceTree = "<group>"; };
		F18665861D90640E00849693 /* ViewController.swift */ = {isa = PBXFileReference; lastKnownFileType = sourcecode.swift; path = ViewController.swift; sourceTree = "<group>"; };
		F18665891D90640E00849693 /* Base */ = {isa = PBXFileReference; lastKnownFileType = file.storyboard; name = Base; path = Base.lproj/Main.storyboard; sourceTree = "<group>"; };
		F186658B1D90640E00849693 /* Assets.xcassets */ = {isa = PBXFileReference; lastKnownFileType = folder.assetcatalog; path = Assets.xcassets; sourceTree = "<group>"; };
		F186658E1D90640E00849693 /* Base */ = {isa = PBXFileReference; lastKnownFileType = file.storyboard; name = Base; path = Base.lproj/LaunchScreen.storyboard; sourceTree = "<group>"; };
		F18665901D90640E00849693 /* Info.plist */ = {isa = PBXFileReference; lastKnownFileType = text.plist.xml; path = Info.plist; sourceTree = "<group>"; };
		F18665951D90640E00849693 /* mymobileappTests.xctest */ = {isa = PBXFileReference; explicitFileType = wrapper.cfbundle; includeInIndex = 0; path = mymobileappTests.xctest; sourceTree = BUILT_PRODUCTS_DIR; };
		F18665991D90640E00849693 /* mymobileappTests.swift */ = {isa = PBXFileReference; lastKnownFileType = sourcecode.swift; path = mymobileappTests.swift; sourceTree = "<group>"; };
		F186659B1D90640E00849693 /* Info.plist */ = {isa = PBXFileReference; lastKnownFileType = text.plist.xml; path = Info.plist; sourceTree = "<group>"; };
		F18665A01D90640F00849693 /* mymobileappUITests.xctest */ = {isa = PBXFileReference; explicitFileType = wrapper.cfbundle; includeInIndex = 0; path = mymobileappUITests.xctest; sourceTree = BUILT_PRODUCTS_DIR; };
		F18665A41D90640F00849693 /* mymobileappUITests.swift */ = {isa = PBXFileReference; lastKnownFileType = sourcecode.swift; path = mymobileappUITests.swift; sourceTree = "<group>"; };
		F18665A61D90640F00849693 /* Info.plist */ = {isa = PBXFileReference; lastKnownFileType = text.plist.xml; path = Info.plist; sourceTree = "<group>"; };
		F18665B21D90657E00849693 /* RentAppTableViewController.swift */ = {isa = PBXFileReference; fileEncoding = 4; lastKnownFileType = sourcecode.swift; path = RentAppTableViewController.swift; sourceTree = "<group>"; };
		F18665B41D90744A00849693 /* RentAppTableViewCell.swift */ = {isa = PBXFileReference; fileEncoding = 4; lastKnownFileType = sourcecode.swift; path = RentAppTableViewCell.swift; sourceTree = "<group>"; };
/* End PBXFileReference section */

/* Begin PBXFrameworksBuildPhase section */
		F186657E1D90640E00849693 /* Frameworks */ = {
			isa = PBXFrameworksBuildPhase;
			buildActionMask = 2147483647;
			files = (
			);
			runOnlyForDeploymentPostprocessing = 0;
		};
		F18665921D90640E00849693 /* Frameworks */ = {
			isa = PBXFrameworksBuildPhase;
			buildActionMask = 2147483647;
			files = (
			);
			runOnlyForDeploymentPostprocessing = 0;
		};
		F186659D1D90640F00849693 /* Frameworks */ = {
			isa = PBXFrameworksBuildPhase;
			buildActionMask = 2147483647;
			files = (
			);
			runOnlyForDeploymentPostprocessing = 0;
		};
/* End PBXFrameworksBuildPhase section */

/* Begin PBXGroup section */
		F18665781D90640E00849693 = {
			isa = PBXGroup;
			children = (
				F18665831D90640E00849693 /* mymobileapp */,
				F18665981D90640E00849693 /* mymobileappTests */,
				F18665A31D90640F00849693 /* mymobileappUITests */,
				F18665821D90640E00849693 /* Products */,
			);
			sourceTree = "<group>";
		};
		F18665821D90640E00849693 /* Products */ = {
			isa = PBXGroup;
			children = (
				F18665811D90640E00849693 /* mymobileapp.app */,
				F18665951D90640E00849693 /* mymobileappTests.xctest */,
				F18665A01D90640F00849693 /* mymobileappUITests.xctest */,
			);
			name = Products;
			sourceTree = "<group>";
		};
		F18665831D90640E00849693 /* mymobileapp */ = {
			isa = PBXGroup;
			children = (
				F1765CFA1D9184D400F55CFF /* ImageLoader.swift */,
				F18665841D90640E00849693 /* AppDelegate.swift */,
				F18665861D90640E00849693 /* ViewController.swift */,
				F18665881D90640E00849693 /* Main.storyboard */,
				F18665B41D90744A00849693 /* RentAppTableViewCell.swift */,
				F18665B21D90657E00849693 /* RentAppTableViewController.swift */,
				F186658B1D90640E00849693 /* Assets.xcassets */,
				F186658D1D90640E00849693 /* LaunchScreen.storyboard */,
				F18665901D90640E00849693 /* Info.plist */,
				F1765D361D9195DB00F55CFF /* Model.swift */,
			);
			path = mymobileapp;
			sourceTree = "<group>";
		};
		F18665981D90640E00849693 /* mymobileappTests */ = {
			isa = PBXGroup;
			children = (
				F18665991D90640E00849693 /* mymobileappTests.swift */,
				F186659B1D90640E00849693 /* Info.plist */,
			);
			path = mymobileappTests;
			sourceTree = "<group>";
		};
		F18665A31D90640F00849693 /* mymobileappUITests */ = {
			isa = PBXGroup;
			children = (
				F18665A41D90640F00849693 /* mymobileappUITests.swift */,
				F18665A61D90640F00849693 /* Info.plist */,
			);
			path = mymobileappUITests;
			sourceTree = "<group>";
		};
/* End PBXGroup section */

/* Begin PBXNativeTarget section */
		F18665801D90640E00849693 /* mymobileapp */ = {
			isa = PBXNativeTarget;
			buildConfigurationList = F18665A91D90640F00849693 /* Build configuration list for PBXNativeTarget "mymobileapp" */;
			buildPhases = (
				F186657D1D90640E00849693 /* Sources */,
				F186657E1D90640E00849693 /* Frameworks */,
				F186657F1D90640E00849693 /* Resources */,
			);
			buildRules = (
			);
			dependencies = (
			);
			name = mymobileapp;
			productName = mymobileapp;
			productReference = F18665811D90640E00849693 /* mymobileapp.app */;
			productType = "com.apple.product-type.application";
		};
		F18665941D90640E00849693 /* mymobileappTests */ = {
			isa = PBXNativeTarget;
			buildConfigurationList = F18665AC1D90640F00849693 /* Build configuration list for PBXNativeTarget "mymobileappTests" */;
			buildPhases = (
				F18665911D90640E00849693 /* Sources */,
				F18665921D90640E00849693 /* Frameworks */,
				F18665931D90640E00849693 /* Resources */,
			);
			buildRules = (
			);
			dependencies = (
				F18665971D90640E00849693 /* PBXTargetDependency */,
			);
			name = mymobileappTests;
			productName = mymobileappTests;
			productReference = F18665951D90640E00849693 /* mymobileappTests.xctest */;
			productType = "com.apple.product-type.bundle.unit-test";
		};
		F186659F1D90640F00849693 /* mymobileappUITests */ = {
			isa = PBXNativeTarget;
			buildConfigurationList = F18665AF1D90640F00849693 /* Build configuration list for PBXNativeTarget "mymobileappUITests" */;
			buildPhases = (
				F186659C1D90640F00849693 /* Sources */,
				F186659D1D90640F00849693 /* Frameworks */,
				F186659E1D90640F00849693 /* Resources */,
			);
			buildRules = (
			);
			dependencies = (
				F18665A21D90640F00849693 /* PBXTargetDependency */,
			);
			name = mymobileappUITests;
			productName = mymobileappUITests;
			productReference = F18665A01D90640F00849693 /* mymobileappUITests.xctest */;
			productType = "com.apple.product-type.bundle.ui-testing";
		};
/* End PBXNativeTarget section */

/* Begin PBXProject section */
		F18665791D90640E00849693 /* Project object */ = {
			isa = PBXProject;
			attributes = {
				LastSwiftUpdateCheck = 0730;
				LastUpgradeCheck = 0730;
				ORGANIZATIONNAME = "Simple-software Technologies";
				TargetAttributes = {
					F18665801D90640E00849693 = {
						CreatedOnToolsVersion = 7.3.1;
						LastSwiftMigration = 0800;
					};
					F18665941D90640E00849693 = {
						CreatedOnToolsVersion = 7.3.1;
						LastSwiftMigration = 0800;
						TestTargetID = F18665801D90640E00849693;
					};
					F186659F1D90640F00849693 = {
						CreatedOnToolsVersion = 7.3.1;
						LastSwiftMigration = 0800;
						TestTargetID = F18665801D90640E00849693;
					};
				};
			};
			buildConfigurationList = F186657C1D90640E00849693 /* Build configuration list for PBXProject "mymobileapp" */;
			compatibilityVersion = "Xcode 3.2";
			developmentRegion = English;
			hasScannedForEncodings = 0;
			knownRegions = (
				en,
				Base,
			);
			mainGroup = F18665781D90640E00849693;
			productRefGroup = F18665821D90640E00849693 /* Products */;
			projectDirPath = "";
			projectRoot = "";
			targets = (
				F18665801D90640E00849693 /* mymobileapp */,
				F18665941D90640E00849693 /* mymobileappTests */,
				F186659F1D90640F00849693 /* mymobileappUITests */,
			);
		};
/* End PBXProject section */

/* Begin PBXResourcesBuildPhase section */
		F186657F1D90640E00849693 /* Resources */ = {
			isa = PBXResourcesBuildPhase;
			buildActionMask = 2147483647;
			files = (
				F186658F1D90640E00849693 /* LaunchScreen.storyboard in Resources */,
				F186658C1D90640E00849693 /* Assets.xcassets in Resources */,
				F186658A1D90640E00849693 /* Main.storyboard in Resources */,
			);
			runOnlyForDeploymentPostprocessing = 0;
		};
		F18665931D90640E00849693 /* Resources */ = {
			isa = PBXResourcesBuildPhase;
			buildActionMask = 2147483647;
			files = (
			);
			runOnlyForDeploymentPostprocessing = 0;
		};
		F186659E1D90640F00849693 /* Resources */ = {
			isa = PBXResourcesBuildPhase;
			buildActionMask = 2147483647;
			files = (
			);
			runOnlyForDeploymentPostprocessing = 0;
		};
/* End PBXResourcesBuildPhase section */

/* Begin PBXSourcesBuildPhase section */
		F186657D1D90640E00849693 /* Sources */ = {
			isa = PBXSourcesBuildPhase;
			buildActionMask = 2147483647;
			files = (
				F18665B31D90657E00849693 /* RentAppTableViewController.swift in Sources */,
				F18665871D90640E00849693 /* ViewController.swift in Sources */,
				F1765CFB1D9184D400F55CFF /* ImageLoader.swift in Sources */,
				F1765D371D9195DB00F55CFF /* Model.swift in Sources */,
				F18665B51D90744A00849693 /* RentAppTableViewCell.swift in Sources */,
				F18665851D90640E00849693 /* AppDelegate.swift in Sources */,
			);
			runOnlyForDeploymentPostprocessing = 0;
		};
		F18665911D90640E00849693 /* Sources */ = {
			isa = PBXSourcesBuildPhase;
			buildActionMask = 2147483647;
			files = (
				F186659A1D90640E00849693 /* mymobileappTests.swift in Sources */,
			);
			runOnlyForDeploymentPostprocessing = 0;
		};
		F186659C1D90640F00849693 /* Sources */ = {
			isa = PBXSourcesBuildPhase;
			buildActionMask = 2147483647;
			files = (
				F18665A51D90640F00849693 /* mymobileappUITests.swift in Sources */,
			);
			runOnlyForDeploymentPostprocessing = 0;
		};
/* End PBXSourcesBuildPhase section */

/* Begin PBXTargetDependency section */
		F18665971D90640E00849693 /* PBXTargetDependency */ = {
			isa = PBXTargetDependency;
			target = F18665801D90640E00849693 /* mymobileapp */;
			targetProxy = F18665961D90640E00849693 /* PBXContainerItemProxy */;
		};
		F18665A21D90640F00849693 /* PBXTargetDependency */ = {
			isa = PBXTargetDependency;
			target = F18665801D90640E00849693 /* mymobileapp */;
			targetProxy = F18665A11D90640F00849693 /* PBXContainerItemProxy */;
		};
/* End PBXTargetDependency section */

/* Begin PBXVariantGroup section */
		F18665881D90640E00849693 /* Main.storyboard */ = {
			isa = PBXVariantGroup;
			children = (
				F18665891D90640E00849693 /* Base */,
			);
			name = Main.storyboard;
			sourceTree = "<group>";
		};
		F186658D1D90640E00849693 /* LaunchScreen.storyboard */ = {
			isa = PBXVariantGroup;
			children = (
				F186658E1D90640E00849693 /* Base */,
			);
			name = LaunchScreen.storyboard;
			sourceTree = "<group>";
		};
/* End PBXVariantGroup section */

/* Begin XCBuildConfiguration section */
		F18665A71D90640F00849693 /* Debug */ = {
			isa = XCBuildConfiguration;
			buildSettings = {
				ALWAYS_SEARCH_USER_PATHS = NO;
				CLANG_ANALYZER_NONNULL = YES;
				CLANG_CXX_LANGUAGE_STANDARD = "gnu++0x";
				CLANG_CXX_LIBRARY = "libc++";
				CLANG_ENABLE_MODULES = YES;
				CLANG_ENABLE_OBJC_ARC = YES;
				CLANG_WARN_BOOL_CONVERSION = YES;
				CLANG_WARN_CONSTANT_CONVERSION = YES;
				CLANG_WARN_DIRECT_OBJC_ISA_USAGE = YES_ERROR;
				CLANG_WARN_EMPTY_BODY = YES;
				CLANG_WARN_ENUM_CONVERSION = YES;
				CLANG_WARN_INT_CONVERSION = YES;
				CLANG_WARN_OBJC_ROOT_CLASS = YES_ERROR;
				CLANG_WARN_UNREACHABLE_CODE = YES;
				CLANG_WARN__DUPLICATE_METHOD_MATCH = YES;
				"CODE_SIGN_IDENTITY[sdk=iphoneos*]" = "iPhone Developer";
				COPY_PHASE_STRIP = NO;
				DEBUG_INFORMATION_FORMAT = dwarf;
				ENABLE_STRICT_OBJC_MSGSEND = YES;
				ENABLE_TESTABILITY = YES;
				GCC_C_LANGUAGE_STANDARD = gnu99;
				GCC_DYNAMIC_NO_PIC = NO;
				GCC_NO_COMMON_BLOCKS = YES;
				GCC_OPTIMIZATION_LEVEL = 0;
				GCC_PREPROCESSOR_DEFINITIONS = (
					"DEBUG=1",
					"$(inherited)",
				);
				GCC_WARN_64_TO_32_BIT_CONVERSION = YES;
				GCC_WARN_ABOUT_RETURN_TYPE = YES_ERROR;
				GCC_WARN_UNDECLARED_SELECTOR = YES;
				GCC_WARN_UNINITIALIZED_AUTOS = YES_AGGRESSIVE;
				GCC_WARN_UNUSED_FUNCTION = YES;
				GCC_WARN_UNUSED_VARIABLE = YES;
				IPHONEOS_DEPLOYMENT_TARGET = 9.3;
				MTL_ENABLE_DEBUG_INFO = YES;
				ONLY_ACTIVE_ARCH = YES;
				SDKROOT = iphoneos;
				SWIFT_OPTIMIZATION_LEVEL = "-Onone";
				TARGETED_DEVICE_FAMILY = "1,2";
			};
			name = Debug;
		};
		F18665A81D90640F00849693 /* Release */ = {
			isa = XCBuildConfiguration;
			buildSettings = {
				ALWAYS_SEARCH_USER_PATHS = NO;
				CLANG_ANALYZER_NONNULL = YES;
				CLANG_CXX_LANGUAGE_STANDARD = "gnu++0x";
				CLANG_CXX_LIBRARY = "libc++";
				CLANG_ENABLE_MODULES = YES;
				CLANG_ENABLE_OBJC_ARC = YES;
				CLANG_WARN_BOOL_CONVERSION = YES;
				CLANG_WARN_CONSTANT_CONVERSION = YES;
				CLANG_WARN_DIRECT_OBJC_ISA_USAGE = YES_ERROR;
				CLANG_WARN_EMPTY_BODY = YES;
				CLANG_WARN_ENUM_CONVERSION = YES;
				CLANG_WARN_INT_CONVERSION = YES;
				CLANG_WARN_OBJC_ROOT_CLASS = YES_ERROR;
				CLANG_WARN_UNREACHABLE_CODE = YES;
				CLANG_WARN__DUPLICATE_METHOD_MATCH = YES;
				"CODE_SIGN_IDENTITY[sdk=iphoneos*]" = "iPhone Developer";
				COPY_PHASE_STRIP = NO;
				DEBUG_INFORMATION_FORMAT = "dwarf-with-dsym";
				ENABLE_NS_ASSERTIONS = NO;
				ENABLE_STRICT_OBJC_MSGSEND = YES;
				GCC_C_LANGUAGE_STANDARD = gnu99;
				GCC_NO_COMMON_BLOCKS = YES;
				GCC_WARN_64_TO_32_BIT_CONVERSION = YES;
				GCC_WARN_ABOUT_RETURN_TYPE = YES_ERROR;
				GCC_WARN_UNDECLARED_SELECTOR = YES;
				GCC_WARN_UNINITIALIZED_AUTOS = YES_AGGRESSIVE;
				GCC_WARN_UNUSED_FUNCTION = YES;
				GCC_WARN_UNUSED_VARIABLE = YES;
				IPHONEOS_DEPLOYMENT_TARGET = 9.3;
				MTL_ENABLE_DEBUG_INFO = NO;
				SDKROOT = iphoneos;
				TARGETED_DEVICE_FAMILY = "1,2";
				VALIDATE_PRODUCT = YES;
			};
			name = Release;
		};
		F18665AA1D90640F00849693 /* Debug */ = {
			isa = XCBuildConfiguration;
			buildSettings = {
				ASSETCATALOG_COMPILER_APPICON_NAME = AppIcon;
				INFOPLIST_FILE = mymobileapp/Info.plist;
				LD_RUNPATH_SEARCH_PATHS = "$(inherited) @executable_path/Frameworks";
				PRODUCT_BUNDLE_IDENTIFIER = "Simple-software.mymobileapp";
				PRODUCT_NAME = "$(TARGET_NAME)";
				SWIFT_VERSION = 3.0;
			};
			name = Debug;
		};
		F18665AB1D90640F00849693 /* Release */ = {
			isa = XCBuildConfiguration;
			buildSettings = {
				ASSETCATALOG_COMPILER_APPICON_NAME = AppIcon;
				INFOPLIST_FILE = mymobileapp/Info.plist;
				LD_RUNPATH_SEARCH_PATHS = "$(inherited) @executable_path/Frameworks";
				PRODUCT_BUNDLE_IDENTIFIER = "Simple-software.mymobileapp";
				PRODUCT_NAME = "$(TARGET_NAME)";
				SWIFT_VERSION = 3.0;
			};
			name = Release;
		};
		F18665AD1D90640F00849693 /* Debug */ = {
			isa = XCBuildConfiguration;
			buildSettings = {
				BUNDLE_LOADER = "$(TEST_HOST)";
				INFOPLIST_FILE = mymobileappTests/Info.plist;
				LD_RUNPATH_SEARCH_PATHS = "$(inherited) @executable_path/Frameworks @loader_path/Frameworks";
				PRODUCT_BUNDLE_IDENTIFIER = "Simple-software.mymobileappTests";
				PRODUCT_NAME = "$(TARGET_NAME)";
				SWIFT_VERSION = 3.0;
				TEST_HOST = "$(BUILT_PRODUCTS_DIR)/mymobileapp.app/mymobileapp";
			};
			name = Debug;
		};
		F18665AE1D90640F00849693 /* Release */ = {
			isa = XCBuildConfiguration;
			buildSettings = {
				BUNDLE_LOADER = "$(TEST_HOST)";
				INFOPLIST_FILE = mymobileappTests/Info.plist;
				LD_RUNPATH_SEARCH_PATHS = "$(inherited) @executable_path/Frameworks @loader_path/Frameworks";
				PRODUCT_BUNDLE_IDENTIFIER = "Simple-software.mymobileappTests";
				PRODUCT_NAME = "$(TARGET_NAME)";
				SWIFT_VERSION = 3.0;
				TEST_HOST = "$(BUILT_PRODUCTS_DIR)/mymobileapp.app/mymobileapp";
			};
			name = Release;
		};
		F18665B01D90640F00849693 /* Debug */ = {
			isa = XCBuildConfiguration;
			buildSettings = {
				INFOPLIST_FILE = mymobileappUITests/Info.plist;
				LD_RUNPATH_SEARCH_PATHS = "$(inherited) @executable_path/Frameworks @loader_path/Frameworks";
				PRODUCT_BUNDLE_IDENTIFIER = "Simple-software.mymobileappUITests";
				PRODUCT_NAME = "$(TARGET_NAME)";
				SWIFT_VERSION = 3.0;
				TEST_TARGET_NAME = mymobileapp;
			};
			name = Debug;
		};
		F18665B11D90640F00849693 /* Release */ = {
			isa = XCBuildConfiguration;
			buildSettings = {
				INFOPLIST_FILE = mymobileappUITests/Info.plist;
				LD_RUNPATH_SEARCH_PATHS = "$(inherited) @executable_path/Frameworks @loader_path/Frameworks";
				PRODUCT_BUNDLE_IDENTIFIER = "Simple-software.mymobileappUITests";
				PRODUCT_NAME = "$(TARGET_NAME)";
				SWIFT_VERSION = 3.0;
				TEST_TARGET_NAME = mymobileapp;
			};
			name = Release;
		};
/* End XCBuildConfiguration section */

/* Begin XCConfigurationList section */
		F186657C1D90640E00849693 /* Build configuration list for PBXProject "mymobileapp" */ = {
			isa = XCConfigurationList;
			buildConfigurations = (
				F18665A71D90640F00849693 /* Debug */,
				F18665A81D90640F00849693 /* Release */,
			);
			defaultConfigurationIsVisible = 0;
			defaultConfigurationName = Release;
		};
		F18665A91D90640F00849693 /* Build configuration list for PBXNativeTarget "mymobileapp" */ = {
			isa = XCConfigurationList;
			buildConfigurations = (
				F18665AA1D90640F00849693 /* Debug */,
				F18665AB1D90640F00849693 /* Release */,
			);
			defaultConfigurationIsVisible = 0;
			defaultConfigurationName = Release;
		};
		F18665AC1D90640F00849693 /* Build configuration list for PBXNativeTarget "mymobileappTests" */ = {
			isa = XCConfigurationList;
			buildConfigurations = (
				F18665AD1D90640F00849693 /* Debug */,
				F18665AE1D90640F00849693 /* Release */,
			);
			defaultConfigurationIsVisible = 0;
			defaultConfigurationName = Release;
		};
		F18665AF1D90640F00849693 /* Build configuration list for PBXNativeTarget "mymobileappUITests" */ = {
			isa = XCConfigurationList;
			buildConfigurations = (
				F18665B01D90640F00849693 /* Debug */,
				F18665B11D90640F00849693 /* Release */,
			);
			defaultConfigurationIsVisible = 0;
			defaultConfigurationName = Release;
		};
/* End XCConfigurationList section */
	};
	rootObject = F18665791D90640E00849693 /* Project object */;
}
